
Microsoft Visual Studio Solution File, Format Version 12.00
# Visual Studio Version 16
VisualStudioVersion = 16.0.30804.86
MinimumVisualStudioVersion = 10.0.40219.1
Project("{FAE04EC0-301F-11D3-BF4B-00C04F79EFBC}") = "ApiMovies", "ApiMovies\ApiMovies.csproj", "{10445038-8309-4BC2-9B3B-BB203777B65D}"
EndProject
Global
	GlobalSection(SolutionConfigurationPlatforms) = preSolution
		Debug|Any CPU = Debug|Any CPU
		Release|Any CPU = Release|Any CPU
	EndGlobalSection
	GlobalSection(ProjectConfigurationPlatforms) = postSolution
		{10445038-8309-4BC2-9B3B-BB203777B65D}.Debug|Any CPU.ActiveCfg = Debug|Any CPU
		{10445038-8309-4BC2-9B3B-BB203777B65D}.Debug|Any CPU.Build.0 = Debug|Any CPU
		{10445038-8309-4BC2-9B3B-BB203777B65D}.Release|Any CPU.ActiveCfg = Release|Any CPU
		{10445038-8309-4BC2-9B3B-BB203777B65D}.Release|Any CPU.Build.0 = Release|Any CPU
	EndGlobalSection
	GlobalSection(SolutionProperties) = preSolution
		HideSolutionNode = FALSE
	EndGlobalSection
	GlobalSection(ExtensibilityGlobals) = postSolution
		SolutionGuid = {2A29AE21-55A1-44FE-8AB8-F7905BB8CD86}
	EndGlobalSection
EndGlobal
